
Microsoft Visual Studio Solution File, Format Version 12.00
# Visual Studio Version 17
VisualStudioVersion = 17.1.32421.90
MinimumVisualStudioVersion = 10.0.40219.1
Project("{9A19103F-16F7-4668-BE54-9A1E7A4F7556}") = "PRN211_SE1623", "PRN211_SE1623\PRN211_SE1623.csproj", "{70CBA9C2-8E71-48EE-8B6F-1DBC4244BDE6}"
EndProject
Project("{9A19103F-16F7-4668-BE54-9A1E7A4F7556}") = "PRN_SE1623_OOP", "PRN_SE1623_OOP\PRN_SE1623_OOP.csproj", "{EFC76CC8-FD57-4E9E-952B-AE6C48A9E0B2}"
EndProject
Project("{9A19103F-16F7-4668-BE54-9A1E7A4F7556}") = "PRN_SE1623_PRODUCT_MANAGER", "PRN_SE1623_PRODUCT_MANAGER\PRN_SE1623_PRODUCT_MANAGER.csproj", "{1156D5E1-D43A-4D45-93FE-D66E9BBDAEFF}"
EndProject
Project("{9A19103F-16F7-4668-BE54-9A1E7A4F7556}") = "Threading", "Threading\Threading.csproj", "{EDDD83D1-A0DF-474C-B86D-FBBBFFEA0EA6}"
EndProject
Project("{9A19103F-16F7-4668-BE54-9A1E7A4F7556}") = "FileStream", "FileStream\FileStream.csproj", "{D12C93F8-6861-4DC2-83ED-95E04505F026}"
EndProject
Project("{9A19103F-16F7-4668-BE54-9A1E7A4F7556}") = "PRN_SE1623_WinFormsApp", "PRN_SE1623_WinFormsApp\PRN_SE1623_WinFormsApp.csproj", "{61C9847E-D630-4CCF-93C1-AD9D104FFC70}"
EndProject
Project("{FAE04EC0-301F-11D3-BF4B-00C04F79EFBC}") = "Ecommerce.WebApp", "Ecommerce.WebApp\Ecommerce.WebApp.csproj", "{D1C01F2B-58F9-441F-A4C7-14A00F9427C0}"
EndProject
Global
	GlobalSection(SolutionConfigurationPlatforms) = preSolution
		Debug|Any CPU = Debug|Any CPU
		Release|Any CPU = Release|Any CPU
	EndGlobalSection
	GlobalSection(ProjectConfigurationPlatforms) = postSolution
		{70CBA9C2-8E71-48EE-8B6F-1DBC4244BDE6}.Debug|Any CPU.ActiveCfg = Debug|Any CPU
		{70CBA9C2-8E71-48EE-8B6F-1DBC4244BDE6}.Debug|Any CPU.Build.0 = Debug|Any CPU
		{70CBA9C2-8E71-48EE-8B6F-1DBC4244BDE6}.Release|Any CPU.ActiveCfg = Release|Any CPU
		{70CBA9C2-8E71-48EE-8B6F-1DBC4244BDE6}.Release|Any CPU.Build.0 = Release|Any CPU
		{EFC76CC8-FD57-4E9E-952B-AE6C48A9E0B2}.Debug|Any CPU.ActiveCfg = Debug|Any CPU
		{EFC76CC8-FD57-4E9E-952B-AE6C48A9E0B2}.Debug|Any CPU.Build.0 = Debug|Any CPU
		{EFC76CC8-FD57-4E9E-952B-AE6C48A9E0B2}.Release|Any CPU.ActiveCfg = Release|Any CPU
		{EFC76CC8-FD57-4E9E-952B-AE6C48A9E0B2}.Release|Any CPU.Build.0 = Release|Any CPU
		{1156D5E1-D43A-4D45-93FE-D66E9BBDAEFF}.Debug|Any CPU.ActiveCfg = Debug|Any CPU
		{1156D5E1-D43A-4D45-93FE-D66E9BBDAEFF}.Debug|Any CPU.Build.0 = Debug|Any CPU
		{1156D5E1-D43A-4D45-93FE-D66E9BBDAEFF}.Release|Any CPU.ActiveCfg = Release|Any CPU
		{1156D5E1-D43A-4D45-93FE-D66E9BBDAEFF}.Release|Any CPU.Build.0 = Release|Any CPU
		{EDDD83D1-A0DF-474C-B86D-FBBBFFEA0EA6}.Debug|Any CPU.ActiveCfg = Debug|Any CPU
		{EDDD83D1-A0DF-474C-B86D-FBBBFFEA0EA6}.Debug|Any CPU.Build.0 = Debug|Any CPU
		{EDDD83D1-A0DF-474C-B86D-FBBBFFEA0EA6}.Release|Any CPU.ActiveCfg = Release|Any CPU
		{EDDD83D1-A0DF-474C-B86D-FBBBFFEA0EA6}.Release|Any CPU.Build.0 = Release|Any CPU
		{D12C93F8-6861-4DC2-83ED-95E04505F026}.Debug|Any CPU.ActiveCfg = Debug|Any CPU
		{D12C93F8-6861-4DC2-83ED-95E04505F026}.Debug|Any CPU.Build.0 = Debug|Any CPU
		{D12C93F8-6861-4DC2-83ED-95E04505F026}.Release|Any CPU.ActiveCfg = Release|Any CPU
		{D12C93F8-6861-4DC2-83ED-95E04505F026}.Release|Any CPU.Build.0 = Release|Any CPU
		{61C9847E-D630-4CCF-93C1-AD9D104FFC70}.Debug|Any CPU.ActiveCfg = Debug|Any CPU
		{61C9847E-D630-4CCF-93C1-AD9D104FFC70}.Debug|Any CPU.Build.0 = Debug|Any CPU
		{61C9847E-D630-4CCF-93C1-AD9D104FFC70}.Release|Any CPU.ActiveCfg = Release|Any CPU
		{61C9847E-D630-4CCF-93C1-AD9D104FFC70}.Release|Any CPU.Build.0 = Release|Any CPU
		{D1C01F2B-58F9-441F-A4C7-14A00F9427C0}.Debug|Any CPU.ActiveCfg = Debug|Any CPU
		{D1C01F2B-58F9-441F-A4C7-14A00F9427C0}.Debug|Any CPU.Build.0 = Debug|Any CPU
		{D1C01F2B-58F9-441F-A4C7-14A00F9427C0}.Release|Any CPU.ActiveCfg = Release|Any CPU
		{D1C01F2B-58F9-441F-A4C7-14A00F9427C0}.Release|Any CPU.Build.0 = Release|Any CPU
	EndGlobalSection
	GlobalSection(SolutionProperties) = preSolution
		HideSolutionNode = FALSE
	EndGlobalSection
	GlobalSection(ExtensibilityGlobals) = postSolution
		SolutionGuid = {1F0A0C28-CC86-480E-98A5-7C946A371F74}
	EndGlobalSection
EndGlobal
